// !$*UTF8*$!
{
	archiveVersion = 1;
	classes = {
	};
	objectVersion = 50;
	objects = {

/* Begin PBXBuildFile section */
		45A1CCBC2296B61700FA84AC /* AppDelegate.swift in Sources */ = {isa = PBXBuildFile; fileRef = 45A1CCBB2296B61700FA84AC /* AppDelegate.swift */; };
		45A1CCC42296B61700FA84AC /* Notes_For_LMY.xcdatamodeld in Sources */ = {isa = PBXBuildFile; fileRef = 45A1CCC22296B61700FA84AC /* Notes_For_LMY.xcdatamodeld */; };
		45A1CCC62296B61700FA84AC /* Assets.xcassets in Resources */ = {isa = PBXBuildFile; fileRef = 45A1CCC52296B61700FA84AC /* Assets.xcassets */; };
		45A1CCC92296B61700FA84AC /* LaunchScreen.storyboard in Resources */ = {isa = PBXBuildFile; fileRef = 45A1CCC72296B61700FA84AC /* LaunchScreen.storyboard */; };
		45A1CCD12296B69B00FA84AC /* UIColorExt.swift in Sources */ = {isa = PBXBuildFile; fileRef = 45A1CCD02296B69B00FA84AC /* UIColorExt.swift */; };
		45A1CCD32296B6CF00FA84AC /* Main.storyboard in Resources */ = {isa = PBXBuildFile; fileRef = 45A1CCD22296B6CF00FA84AC /* Main.storyboard */; };
		45A1CCD52296B70300FA84AC /* NotesTableViewController.swift in Sources */ = {isa = PBXBuildFile; fileRef = 45A1CCD42296B70300FA84AC /* NotesTableViewController.swift */; };
		45A1CCD72296B71A00FA84AC /* NotesTableViewCell.swift in Sources */ = {isa = PBXBuildFile; fileRef = 45A1CCD62296B71A00FA84AC /* NotesTableViewCell.swift */; };
		45A1CCD92296B73E00FA84AC /* detailViewController.swift in Sources */ = {isa = PBXBuildFile; fileRef = 45A1CCD82296B73E00FA84AC /* detailViewController.swift */; };
/* End PBXBuildFile section */

/* Begin PBXFileReference section */
		45A1CCB82296B61700FA84AC /* Notes For LMY.app */ = {isa = PBXFileReference; explicitFileType = wrapper.application; includeInIndex = 0; path = "Notes For LMY.app"; sourceTree = BUILT_PRODUCTS_DIR; };
		45A1CCBB2296B61700FA84AC /* AppDelegate.swift */ = {isa = PBXFileReference; lastKnownFileType = sourcecode.swift; path = AppDelegate.swift; sourceTree = "<group>"; };
		45A1CCC32296B61700FA84AC /* Notes_For_LMY.xcdatamodel */ = {isa = PBXFileReference; lastKnownFileType = wrapper.xcdatamodel; path = Notes_For_LMY.xcdatamodel; sourceTree = "<group>"; };
		45A1CCC52296B61700FA84AC /* Assets.xcassets */ = {isa = PBXFileReference; lastKnownFileType = folder.assetcatalog; path = Assets.xcassets; sourceTree = "<group>"; };
		45A1CCC82296B61700FA84AC /* Base */ = {isa = PBXFileReference; lastKnownFileType = file.storyboard; name = Base; path = Base.lproj/LaunchScreen.storyboard; sourceTree = "<group>"; };
		45A1CCCA2296B61700FA84AC /* Info.plist */ = {isa = PBXFileReference; lastKnownFileType = text.plist.xml; path = Info.plist; sourceTree = "<group>"; };
		45A1CCD02296B69B00FA84AC /* UIColorExt.swift */ = {isa = PBXFileReference; lastKnownFileType = sourcecode.swift; path = UIColorExt.swift; sourceTree = "<group>"; };
		45A1CCD22296B6CF00FA84AC /* Main.storyboard */ = {isa = PBXFileReference; fileEncoding = 4; lastKnownFileType = file.storyboard; path = Main.storyboard; sourceTree = "<group>"; };
		45A1CCD42296B70300FA84AC /* NotesTableViewController.swift */ = {isa = PBXFileReference; lastKnownFileType = sourcecode.swift; path = NotesTableViewController.swift; sourceTree = "<group>"; };
		45A1CCD62296B71A00FA84AC /* NotesTableViewCell.swift */ = {isa = PBXFileReference; lastKnownFileType = sourcecode.swift; path = NotesTableViewCell.swift; sourceTree = "<group>"; };
		45A1CCD82296B73E00FA84AC /* detailViewController.swift */ = {isa = PBXFileReference; lastKnownFileType = sourcecode.swift; path = detailViewController.swift; sourceTree = "<group>"; };
/* End PBXFileReference section */

/* Begin PBXFrameworksBuildPhase section */
		45A1CCB52296B61700FA84AC /* Frameworks */ = {
			isa = PBXFrameworksBuildPhase;
			buildActionMask = 2147483647;
			files = (
			);
			runOnlyForDeploymentPostprocessing = 0;
		};
/* End PBXFrameworksBuildPhase section */

/* Begin PBXGroup section */
		45A1CCAF2296B61700FA84AC = {
			isa = PBXGroup;
			children = (
				45A1CCBA2296B61700FA84AC /* Notes For LMY */,
				45A1CCB92296B61700FA84AC /* Products */,
			);
			sourceTree = "<group>";
		};
		45A1CCB92296B61700FA84AC /* Products */ = {
			isa = PBXGroup;
			children = (
				45A1CCB82296B61700FA84AC /* Notes For LMY.app */,
			);
			name = Products;
			sourceTree = "<group>";
		};
		45A1CCBA2296B61700FA84AC /* Notes For LMY */ = {
			isa = PBXGroup;
			children = (
				45A1CCDD2296B92F00FA84AC /* Extension */,
				45A1CCDA2296B8FC00FA84AC /* Story Board */,
				45A1CCDB2296B91300FA84AC /* Show Content */,
				45A1CCDC2296B92300FA84AC /* Notes List */,
				45A1CCBB2296B61700FA84AC /* AppDelegate.swift */,
				45A1CCC52296B61700FA84AC /* Assets.xcassets */,
				45A1CCCA2296B61700FA84AC /* Info.plist */,
				45A1CCC22296B61700FA84AC /* Notes_For_LMY.xcdatamodeld */,
			);
			path = "Notes For LMY";
			sourceTree = "<group>";
		};
		45A1CCDA2296B8FC00FA84AC /* Story Board */ = {
			isa = PBXGroup;
			children = (
				45A1CCD22296B6CF00FA84AC /* Main.storyboard */,
				45A1CCC72296B61700FA84AC /* LaunchScreen.storyboard */,
			);
			path = "Story Board";
			sourceTree = "<group>";
		};
		45A1CCDB2296B91300FA84AC /* Show Content */ = {
			isa = PBXGroup;
			children = (
				45A1CCD82296B73E00FA84AC /* detailViewController.swift */,
			);
			path = "Show Content";
			sourceTree = "<group>";
		};
		45A1CCDC2296B92300FA84AC /* Notes List */ = {
			isa = PBXGroup;
			children = (
				45A1CCD42296B70300FA84AC /* NotesTableViewController.swift */,
				45A1CCD62296B71A00FA84AC /* NotesTableViewCell.swift */,
			);
			path = "Notes List";
			sourceTree = "<group>";
		};
		45A1CCDD2296B92F00FA84AC /* Extension */ = {
			isa = PBXGroup;
			children = (
				45A1CCD02296B69B00FA84AC /* UIColorExt.swift */,
			);
			path = Extension;
			sourceTree = "<group>";
		};
/* End PBXGroup section */

/* Begin PBXNativeTarget section */
		45A1CCB72296B61700FA84AC /* Notes For LMY */ = {
			isa = PBXNativeTarget;
			buildConfigurationList = 45A1CCCD2296B61700FA84AC /* Build configuration list for PBXNativeTarget "Notes For LMY" */;
			buildPhases = (
				45A1CCB42296B61700FA84AC /* Sources */,
				45A1CCB52296B61700FA84AC /* Frameworks */,
				45A1CCB62296B61700FA84AC /* Resources */,
			);
			buildRules = (
			);
			dependencies = (
			);
			name = "Notes For LMY";
			productName = "Notes For LMY";
			productReference = 45A1CCB82296B61700FA84AC /* Notes For LMY.app */;
			productType = "com.apple.product-type.application";
		};
/* End PBXNativeTarget section */

/* Begin PBXProject section */
		45A1CCB02296B61700FA84AC /* Project object */ = {
			isa = PBXProject;
			attributes = {
				LastSwiftUpdateCheck = 1020;
				LastUpgradeCheck = 1020;
				ORGANIZATIONNAME = "Peng Shichen";
				TargetAttributes = {
					45A1CCB72296B61700FA84AC = {
						CreatedOnToolsVersion = 10.2.1;
					};
				};
			};
			buildConfigurationList = 45A1CCB32296B61700FA84AC /* Build configuration list for PBXProject "Notes For LMY" */;
			compatibilityVersion = "Xcode 9.3";
			developmentRegion = en;
			hasScannedForEncodings = 0;
			knownRegions = (
				en,
				Base,
			);
			mainGroup = 45A1CCAF2296B61700FA84AC;
			productRefGroup = 45A1CCB92296B61700FA84AC /* Products */;
			projectDirPath = "";
			projectRoot = "";
			targets = (
				45A1CCB72296B61700FA84AC /* Notes For LMY */,
			);
		};
/* End PBXProject section */

/* Begin PBXResourcesBuildPhase section */
		45A1CCB62296B61700FA84AC /* Resources */ = {
			isa = PBXResourcesBuildPhase;
			buildActionMask = 2147483647;
			files = (
				45A1CCD32296B6CF00FA84AC /* Main.storyboard in Resources */,
				45A1CCC92296B61700FA84AC /* LaunchScreen.storyboard in Resources */,
				45A1CCC62296B61700FA84AC /* Assets.xcassets in Resources */,
			);
			runOnlyForDeploymentPostprocessing = 0;
		};
/* End PBXResourcesBuildPhase section */

/* Begin PBXSourcesBuildPhase section */
		45A1CCB42296B61700FA84AC /* Sources */ = {
			isa = PBXSourcesBuildPhase;
			buildActionMask = 2147483647;
			files = (
				45A1CCC42296B61700FA84AC /* Notes_For_LMY.xcdatamodeld in Sources */,
				45A1CCD52296B70300FA84AC /* NotesTableViewController.swift in Sources */,
				45A1CCD72296B71A00FA84AC /* NotesTableViewCell.swift in Sources */,
				45A1CCD12296B69B00FA84AC /* UIColorExt.swift in Sources */,
				45A1CCBC2296B61700FA84AC /* AppDelegate.swift in Sources */,
				45A1CCD92296B73E00FA84AC /* detailViewController.swift in Sources */,
			);
			runOnlyForDeploymentPostprocessing = 0;
		};
/* End PBXSourcesBuildPhase section */

/* Begin PBXVariantGroup section */
		45A1CCC72296B61700FA84AC /* LaunchScreen.storyboard */ = {
			isa = PBXVariantGroup;
			children = (
				45A1CCC82296B61700FA84AC /* Base */,
			);
			name = LaunchScreen.storyboard;
			sourceTree = "<group>";
		};
/* End PBXVariantGroup section */

/* Begin XCBuildConfiguration section */
		45A1CCCB2296B61700FA84AC /* Debug */ = {
			isa = XCBuildConfiguration;
			buildSettings = {
				ALWAYS_SEARCH_USER_PATHS = NO;
				CLANG_ANALYZER_NONNULL = YES;
				CLANG_ANALYZER_NUMBER_OBJECT_CONVERSION = YES_AGGRESSIVE;
				CLANG_CXX_LANGUAGE_STANDARD = "gnu++14";
				CLANG_CXX_LIBRARY = "libc++";
				CLANG_ENABLE_MODULES = YES;
				CLANG_ENABLE_OBJC_ARC = YES;
				CLANG_ENABLE_OBJC_WEAK = YES;
				CLANG_WARN_BLOCK_CAPTURE_AUTORELEASING = YES;
				CLANG_WARN_BOOL_CONVERSION = YES;
				CLANG_WARN_COMMA = YES;
				CLANG_WARN_CONSTANT_CONVERSION = YES;
				CLANG_WARN_DEPRECATED_OBJC_IMPLEMENTATIONS = YES;
				CLANG_WARN_DIRECT_OBJC_ISA_USAGE = YES_ERROR;
				CLANG_WARN_DOCUMENTATION_COMMENTS = YES;
				CLANG_WARN_EMPTY_BODY = YES;
				CLANG_WARN_ENUM_CONVERSION = YES;
				CLANG_WARN_INFINITE_RECURSION = YES;
				CLANG_WARN_INT_CONVERSION = YES;
				CLANG_WARN_NON_LITERAL_NULL_CONVERSION = YES;
				CLANG_WARN_OBJC_IMPLICIT_RETAIN_SELF = YES;
				CLANG_WARN_OBJC_LITERAL_CONVERSION = YES;
				CLANG_WARN_OBJC_ROOT_CLASS = YES_ERROR;
				CLANG_WARN_RANGE_LOOP_ANALYSIS = YES;
				CLANG_WARN_STRICT_PROTOTYPES = YES;
				CLANG_WARN_SUSPICIOUS_MOVE = YES;
				CLANG_WARN_UNGUARDED_AVAILABILITY = YES_AGGRESSIVE;
				CLANG_WARN_UNREACHABLE_CODE = YES;
				CLANG_WARN__DUPLICATE_METHOD_MATCH = YES;
				CODE_SIGN_IDENTITY = "iPhone Developer";
				COPY_PHASE_STRIP = NO;
				DEBUG_INFORMATION_FORMAT = dwarf;
				ENABLE_STRICT_OBJC_MSGSEND = YES;
				ENABLE_TESTABILITY = YES;
				GCC_C_LANGUAGE_STANDARD = gnu11;
				GCC_DYNAMIC_NO_PIC = NO;
				GCC_NO_COMMON_BLOCKS = YES;
				GCC_OPTIMIZATION_LEVEL = 0;
				GCC_PREPROCESSOR_DEFINITIONS = (
					"DEBUG=1",
					"$(inherited)",
				);
				GCC_WARN_64_TO_32_BIT_CONVERSION = YES;
				GCC_WARN_ABOUT_RETURN_TYPE = YES_ERROR;
				GCC_WARN_UNDECLARED_SELECTOR = YES;
				GCC_WARN_UNINITIALIZED_AUTOS = YES_AGGRESSIVE;
				GCC_WARN_UNUSED_FUNCTION = YES;
				GCC_WARN_UNUSED_VARIABLE = YES;
				IPHONEOS_DEPLOYMENT_TARGET = 12.2;
				MTL_ENABLE_DEBUG_INFO = INCLUDE_SOURCE;
				MTL_FAST_MATH = YES;
				ONLY_ACTIVE_ARCH = YES;
				SDKROOT = iphoneos;
				SWIFT_ACTIVE_COMPILATION_CONDITIONS = DEBUG;
				SWIFT_OPTIMIZATION_LEVEL = "-Onone";
			};
			name = Debug;
		};
		45A1CCCC2296B61700FA84AC /* Release */ = {
			isa = XCBuildConfiguration;
			buildSettings = {
				ALWAYS_SEARCH_USER_PATHS = NO;
				CLANG_ANALYZER_NONNULL = YES;
				CLANG_ANALYZER_NUMBER_OBJECT_CONVERSION = YES_AGGRESSIVE;
				CLANG_CXX_LANGUAGE_STANDARD = "gnu++14";
				CLANG_CXX_LIBRARY = "libc++";
				CLANG_ENABLE_MODULES = YES;
				CLANG_ENABLE_OBJC_ARC = YES;
				CLANG_ENABLE_OBJC_WEAK = YES;
				CLANG_WARN_BLOCK_CAPTURE_AUTORELEASING = YES;
				CLANG_WARN_BOOL_CONVERSION = YES;
				CLANG_WARN_COMMA = YES;
				CLANG_WARN_CONSTANT_CONVERSION = YES;
				CLANG_WARN_DEPRECATED_OBJC_IMPLEMENTATIONS = YES;
				CLANG_WARN_DIRECT_OBJC_ISA_USAGE = YES_ERROR;
				CLANG_WARN_DOCUMENTATION_COMMENTS = YES;
				CLANG_WARN_EMPTY_BODY = YES;
				CLANG_WARN_ENUM_CONVERSION = YES;
				CLANG_WARN_INFINITE_RECURSION = YES;
				CLANG_WARN_INT_CONVERSION = YES;
				CLANG_WARN_NON_LITERAL_NULL_CONVERSION = YES;
				CLANG_WARN_OBJC_IMPLICIT_RETAIN_SELF = YES;
				CLANG_WARN_OBJC_LITERAL_CONVERSION = YES;
				CLANG_WARN_OBJC_ROOT_CLASS = YES_ERROR;
				CLANG_WARN_RANGE_LOOP_ANALYSIS = YES;
				CLANG_WARN_STRICT_PROTOTYPES = YES;
				CLANG_WARN_SUSPICIOUS_MOVE = YES;
				CLANG_WARN_UNGUARDED_AVAILABILITY = YES_AGGRESSIVE;
				CLANG_WARN_UNREACHABLE_CODE = YES;
				CLANG_WARN__DUPLICATE_METHOD_MATCH = YES;
				CODE_SIGN_IDENTITY = "iPhone Developer";
				COPY_PHASE_STRIP = NO;
				DEBUG_INFORMATION_FORMAT = "dwarf-with-dsym";
				ENABLE_NS_ASSERTIONS = NO;
				ENABLE_STRICT_OBJC_MSGSEND = YES;
				GCC_C_LANGUAGE_STANDARD = gnu11;
				GCC_NO_COMMON_BLOCKS = YES;
				GCC_WARN_64_TO_32_BIT_CONVERSION = YES;
				GCC_WARN_ABOUT_RETURN_TYPE = YES_ERROR;
				GCC_WARN_UNDECLARED_SELECTOR = YES;
				GCC_WARN_UNINITIALIZED_AUTOS = YES_AGGRESSIVE;
				GCC_WARN_UNUSED_FUNCTION = YES;
				GCC_WARN_UNUSED_VARIABLE = YES;
				IPHONEOS_DEPLOYMENT_TARGET = 12.2;
				MTL_ENABLE_DEBUG_INFO = NO;
				MTL_FAST_MATH = YES;
				SDKROOT = iphoneos;
				SWIFT_COMPILATION_MODE = wholemodule;
				SWIFT_OPTIMIZATION_LEVEL = "-O";
				VALIDATE_PRODUCT = YES;
			};
			name = Release;
		};
		45A1CCCE2296B61700FA84AC /* Debug */ = {
			isa = XCBuildConfiguration;
			buildSettings = {
				ASSETCATALOG_COMPILER_APPICON_NAME = AppIcon;
				CODE_SIGN_STYLE = Automatic;
				DEVELOPMENT_TEAM = CGV4FNR7SA;
				INFOPLIST_FILE = "Notes For LMY/Info.plist";
				LD_RUNPATH_SEARCH_PATHS = (
					"$(inherited)",
					"@executable_path/Frameworks",
				);
				PRODUCT_BUNDLE_IDENTIFIER = "com.psc.Notes-For-LMY";
				PRODUCT_NAME = "$(TARGET_NAME)";
				SWIFT_VERSION = 5.0;
				TARGETED_DEVICE_FAMILY = "1,2";
			};
			name = Debug;
		};
		45A1CCCF2296B61700FA84AC /* Release */ = {
			isa = XCBuildConfiguration;
			buildSettings = {
				ASSETCATALOG_COMPILER_APPICON_NAME = AppIcon;
				CODE_SIGN_STYLE = Automatic;
				DEVELOPMENT_TEAM = CGV4FNR7SA;
				INFOPLIST_FILE = "Notes For LMY/Info.plist";
				LD_RUNPATH_SEARCH_PATHS = (
					"$(inherited)",
					"@executable_path/Frameworks",
				);
				PRODUCT_BUNDLE_IDENTIFIER = "com.psc.Notes-For-LMY";
				PRODUCT_NAME = "$(TARGET_NAME)";
				SWIFT_VERSION = 5.0;
				TARGETED_DEVICE_FAMILY = "1,2";
			};
			name = Release;
		};
/* End XCBuildConfiguration section */

/* Begin XCConfigurationList section */
		45A1CCB32296B61700FA84AC /* Build configuration list for PBXProject "Notes For LMY" */ = {
			isa = XCConfigurationList;
			buildConfigurations = (
				45A1CCCB2296B61700FA84AC /* Debug */,
				45A1CCCC2296B61700FA84AC /* Release */,
			);
			defaultConfigurationIsVisible = 0;
			defaultConfigurationName = Release;
		};
		45A1CCCD2296B61700FA84AC /* Build configuration list for PBXNativeTarget "Notes For LMY" */ = {
			isa = XCConfigurationList;
			buildConfigurations = (
				45A1CCCE2296B61700FA84AC /* Debug */,
				45A1CCCF2296B61700FA84AC /* Release */,
			);
			defaultConfigurationIsVisible = 0;
			defaultConfigurationName = Release;
		};
/* End XCConfigurationList section */

/* Begin XCVersionGroup section */
		45A1CCC22296B61700FA84AC /* Notes_For_LMY.xcdatamodeld */ = {
			isa = XCVersionGroup;
			children = (
				45A1CCC32296B61700FA84AC /* Notes_For_LMY.xcdatamodel */,
			);
			currentVersion = 45A1CCC32296B61700FA84AC /* Notes_For_LMY.xcdatamodel */;
			path = Notes_For_LMY.xcdatamodeld;
			sourceTree = "<group>";
			versionGroupType = wrapper.xcdatamodel;
		};
/* End XCVersionGroup section */
	};
	rootObject = 45A1CCB02296B61700FA84AC /* Project object */;
}
